// !$*UTF8*$!
{
	archiveVersion = 1;
	classes = {
	};
	objectVersion = 46;
	objects = {

/* Begin PBXBuildFile section */
		45CABC2D1DF38B6C000207D0 /* AppDelegate.swift in Sources */ = {isa = PBXBuildFile; fileRef = 45CABC2C1DF38B6C000207D0 /* AppDelegate.swift */; };
		45CABC2F1DF38B6C000207D0 /* LoginVC.swift in Sources */ = {isa = PBXBuildFile; fileRef = 45CABC2E1DF38B6C000207D0 /* LoginVC.swift */; };
		45CABC321DF38B6C000207D0 /* Main.storyboard in Resources */ = {isa = PBXBuildFile; fileRef = 45CABC301DF38B6C000207D0 /* Main.storyboard */; };
		45CABC341DF38B6C000207D0 /* Assets.xcassets in Resources */ = {isa = PBXBuildFile; fileRef = 45CABC331DF38B6C000207D0 /* Assets.xcassets */; };
		45CABC371DF38B6C000207D0 /* LaunchScreen.storyboard in Resources */ = {isa = PBXBuildFile; fileRef = 45CABC351DF38B6C000207D0 /* LaunchScreen.storyboard */; };
		45CABC3F1DF38DB5000207D0 /* people.png in Resources */ = {isa = PBXBuildFile; fileRef = 45CABC3E1DF38DB5000207D0 /* people.png */; };
		45CABC491DF38ED8000207D0 /* NotoSans-Bold.ttf in Resources */ = {isa = PBXBuildFile; fileRef = 45CABC451DF38ED8000207D0 /* NotoSans-Bold.ttf */; };
		45CABC4A1DF38ED8000207D0 /* NotoSans-Regular.ttf in Resources */ = {isa = PBXBuildFile; fileRef = 45CABC461DF38ED8000207D0 /* NotoSans-Regular.ttf */; };
		45CABC4B1DF38ED8000207D0 /* NotoSansUI-Bold.ttf in Resources */ = {isa = PBXBuildFile; fileRef = 45CABC471DF38ED8000207D0 /* NotoSansUI-Bold.ttf */; };
		45CABC4C1DF38ED8000207D0 /* NotoSansUI-Regular.ttf in Resources */ = {isa = PBXBuildFile; fileRef = 45CABC481DF38ED8000207D0 /* NotoSansUI-Regular.ttf */; };
		45CABC4E1DF390E4000207D0 /* MaterialView.swift in Sources */ = {isa = PBXBuildFile; fileRef = 45CABC4D1DF390E4000207D0 /* MaterialView.swift */; };
		45CABC501DF392F7000207D0 /* FSFBanner.png in Resources */ = {isa = PBXBuildFile; fileRef = 45CABC4F1DF392F7000207D0 /* FSFBanner.png */; };
		45CABC521DF39477000207D0 /* padlock.png in Resources */ = {isa = PBXBuildFile; fileRef = 45CABC511DF39477000207D0 /* padlock.png */; };
		45CABC541DF394DE000207D0 /* mail-black-envelope-symbol.png in Resources */ = {isa = PBXBuildFile; fileRef = 45CABC531DF394DE000207D0 /* mail-black-envelope-symbol.png */; };
		45CABC561DF39516000207D0 /* mail.png in Resources */ = {isa = PBXBuildFile; fileRef = 45CABC551DF39516000207D0 /* mail.png */; };
		45CABC581DF39520000207D0 /* closed-lock.png in Resources */ = {isa = PBXBuildFile; fileRef = 45CABC571DF39520000207D0 /* closed-lock.png */; };
		45CABC5A1DF39CDC000207D0 /* GoogleService-Info.plist in Resources */ = {isa = PBXBuildFile; fileRef = 45CABC591DF39CDC000207D0 /* GoogleService-Info.plist */; };
		45CABC5C1DF3AA47000207D0 /* MainVC.swift in Sources */ = {isa = PBXBuildFile; fileRef = 45CABC5B1DF3AA47000207D0 /* MainVC.swift */; };
		61FF848C8D59DB2054D3647E /* Pods_Find_Some_Friends.framework in Frameworks */ = {isa = PBXBuildFile; fileRef = 979DB6753B055A3CFC018D22 /* Pods_Find_Some_Friends.framework */; };
/* End PBXBuildFile section */

/* Begin PBXFileReference section */
		45CABC291DF38B6C000207D0 /* Find Some Friends.app */ = {isa = PBXFileReference; explicitFileType = wrapper.application; includeInIndex = 0; path = "Find Some Friends.app"; sourceTree = BUILT_PRODUCTS_DIR; };
		45CABC2C1DF38B6C000207D0 /* AppDelegate.swift */ = {isa = PBXFileReference; lastKnownFileType = sourcecode.swift; path = AppDelegate.swift; sourceTree = "<group>"; };
		45CABC2E1DF38B6C000207D0 /* LoginVC.swift */ = {isa = PBXFileReference; lastKnownFileType = sourcecode.swift; path = LoginVC.swift; sourceTree = "<group>"; };
		45CABC311DF38B6C000207D0 /* Base */ = {isa = PBXFileReference; lastKnownFileType = file.storyboard; name = Base; path = Base.lproj/Main.storyboard; sourceTree = "<group>"; };
		45CABC331DF38B6C000207D0 /* Assets.xcassets */ = {isa = PBXFileReference; lastKnownFileType = folder.assetcatalog; path = Assets.xcassets; sourceTree = "<group>"; };
		45CABC361DF38B6C000207D0 /* Base */ = {isa = PBXFileReference; lastKnownFileType = file.storyboard; name = Base; path = Base.lproj/LaunchScreen.storyboard; sourceTree = "<group>"; };
		45CABC381DF38B6C000207D0 /* Info.plist */ = {isa = PBXFileReference; lastKnownFileType = text.plist.xml; path = Info.plist; sourceTree = "<group>"; };
		45CABC3E1DF38DB5000207D0 /* people.png */ = {isa = PBXFileReference; lastKnownFileType = image.png; path = people.png; sourceTree = "<group>"; };
		45CABC451DF38ED8000207D0 /* NotoSans-Bold.ttf */ = {isa = PBXFileReference; lastKnownFileType = file; path = "NotoSans-Bold.ttf"; sourceTree = "<group>"; };
		45CABC461DF38ED8000207D0 /* NotoSans-Regular.ttf */ = {isa = PBXFileReference; lastKnownFileType = file; path = "NotoSans-Regular.ttf"; sourceTree = "<group>"; };
		45CABC471DF38ED8000207D0 /* NotoSansUI-Bold.ttf */ = {isa = PBXFileReference; lastKnownFileType = file; path = "NotoSansUI-Bold.ttf"; sourceTree = "<group>"; };
		45CABC481DF38ED8000207D0 /* NotoSansUI-Regular.ttf */ = {isa = PBXFileReference; lastKnownFileType = file; path = "NotoSansUI-Regular.ttf"; sourceTree = "<group>"; };
		45CABC4D1DF390E4000207D0 /* MaterialView.swift */ = {isa = PBXFileReference; fileEncoding = 4; lastKnownFileType = sourcecode.swift; path = MaterialView.swift; sourceTree = "<group>"; };
		45CABC4F1DF392F7000207D0 /* FSFBanner.png */ = {isa = PBXFileReference; lastKnownFileType = image.png; path = FSFBanner.png; sourceTree = "<group>"; };
		45CABC511DF39477000207D0 /* padlock.png */ = {isa = PBXFileReference; lastKnownFileType = image.png; path = padlock.png; sourceTree = "<group>"; };
		45CABC531DF394DE000207D0 /* mail-black-envelope-symbol.png */ = {isa = PBXFileReference; lastKnownFileType = image.png; path = "mail-black-envelope-symbol.png"; sourceTree = "<group>"; };
		45CABC551DF39516000207D0 /* mail.png */ = {isa = PBXFileReference; lastKnownFileType = image.png; path = mail.png; sourceTree = "<group>"; };
		45CABC571DF39520000207D0 /* closed-lock.png */ = {isa = PBXFileReference; lastKnownFileType = image.png; path = "closed-lock.png"; sourceTree = "<group>"; };
		45CABC591DF39CDC000207D0 /* GoogleService-Info.plist */ = {isa = PBXFileReference; fileEncoding = 4; lastKnownFileType = text.plist.xml; path = "GoogleService-Info.plist"; sourceTree = "<group>"; };
		45CABC5B1DF3AA47000207D0 /* MainVC.swift */ = {isa = PBXFileReference; fileEncoding = 4; lastKnownFileType = sourcecode.swift; path = MainVC.swift; sourceTree = "<group>"; };
		979DB6753B055A3CFC018D22 /* Pods_Find_Some_Friends.framework */ = {isa = PBXFileReference; explicitFileType = wrapper.framework; includeInIndex = 0; path = Pods_Find_Some_Friends.framework; sourceTree = BUILT_PRODUCTS_DIR; };
		A2188F0273215344FB78EB9F /* Pods-Find Some Friends.release.xcconfig */ = {isa = PBXFileReference; includeInIndex = 1; lastKnownFileType = text.xcconfig; name = "Pods-Find Some Friends.release.xcconfig"; path = "Pods/Target Support Files/Pods-Find Some Friends/Pods-Find Some Friends.release.xcconfig"; sourceTree = "<group>"; };
		C91877CC7E61B42C99171CC8 /* Pods-Find Some Friends.debug.xcconfig */ = {isa = PBXFileReference; includeInIndex = 1; lastKnownFileType = text.xcconfig; name = "Pods-Find Some Friends.debug.xcconfig"; path = "Pods/Target Support Files/Pods-Find Some Friends/Pods-Find Some Friends.debug.xcconfig"; sourceTree = "<group>"; };
/* End PBXFileReference section */

/* Begin PBXFrameworksBuildPhase section */
		45CABC261DF38B6B000207D0 /* Frameworks */ = {
			isa = PBXFrameworksBuildPhase;
			buildActionMask = 2147483647;
			files = (
				61FF848C8D59DB2054D3647E /* Pods_Find_Some_Friends.framework in Frameworks */,
			);
			runOnlyForDeploymentPostprocessing = 0;
		};
/* End PBXFrameworksBuildPhase section */

/* Begin PBXGroup section */
		45CABC201DF38B6B000207D0 = {
			isa = PBXGroup;
			children = (
				45CABC2B1DF38B6C000207D0 /* Find Some Friends */,
				45CABC2A1DF38B6C000207D0 /* Products */,
				532B0B4550E9DB89FF589CDD /* Pods */,
				E137448F4E53958742B2B3BB /* Frameworks */,
			);
			sourceTree = "<group>";
		};
		45CABC2A1DF38B6C000207D0 /* Products */ = {
			isa = PBXGroup;
			children = (
				45CABC291DF38B6C000207D0 /* Find Some Friends.app */,
			);
			name = Products;
			sourceTree = "<group>";
		};
		45CABC2B1DF38B6C000207D0 /* Find Some Friends */ = {
			isa = PBXGroup;
			children = (
				45CABC441DF38EAC000207D0 /* Fonts */,
				45CABC431DF38DD0000207D0 /* Images */,
				45CABC421DF38DCA000207D0 /* Controller */,
				45CABC411DF38DC5000207D0 /* View */,
				45CABC401DF38DC0000207D0 /* Model */,
				45CABC2C1DF38B6C000207D0 /* AppDelegate.swift */,
				45CABC301DF38B6C000207D0 /* Main.storyboard */,
				45CABC331DF38B6C000207D0 /* Assets.xcassets */,
				45CABC351DF38B6C000207D0 /* LaunchScreen.storyboard */,
				45CABC591DF39CDC000207D0 /* GoogleService-Info.plist */,
				45CABC381DF38B6C000207D0 /* Info.plist */,
			);
			path = "Find Some Friends";
			sourceTree = "<group>";
		};
		45CABC401DF38DC0000207D0 /* Model */ = {
			isa = PBXGroup;
			children = (
			);
			name = Model;
			sourceTree = "<group>";
		};
		45CABC411DF38DC5000207D0 /* View */ = {
			isa = PBXGroup;
			children = (
				45CABC4D1DF390E4000207D0 /* MaterialView.swift */,
			);
			name = View;
			sourceTree = "<group>";
		};
		45CABC421DF38DCA000207D0 /* Controller */ = {
			isa = PBXGroup;
			children = (
				45CABC2E1DF38B6C000207D0 /* LoginVC.swift */,
				45CABC5B1DF3AA47000207D0 /* MainVC.swift */,
			);
			name = Controller;
			sourceTree = "<group>";
		};
		45CABC431DF38DD0000207D0 /* Images */ = {
			isa = PBXGroup;
			children = (
				45CABC551DF39516000207D0 /* mail.png */,
				45CABC571DF39520000207D0 /* closed-lock.png */,
				45CABC531DF394DE000207D0 /* mail-black-envelope-symbol.png */,
				45CABC511DF39477000207D0 /* padlock.png */,
				45CABC4F1DF392F7000207D0 /* FSFBanner.png */,
				45CABC3E1DF38DB5000207D0 /* people.png */,
			);
			name = Images;
			sourceTree = "<group>";
		};
		45CABC441DF38EAC000207D0 /* Fonts */ = {
			isa = PBXGroup;
			children = (
				45CABC451DF38ED8000207D0 /* NotoSans-Bold.ttf */,
				45CABC461DF38ED8000207D0 /* NotoSans-Regular.ttf */,
				45CABC471DF38ED8000207D0 /* NotoSansUI-Bold.ttf */,
				45CABC481DF38ED8000207D0 /* NotoSansUI-Regular.ttf */,
			);
			name = Fonts;
			sourceTree = "<group>";
		};
		532B0B4550E9DB89FF589CDD /* Pods */ = {
			isa = PBXGroup;
			children = (
				C91877CC7E61B42C99171CC8 /* Pods-Find Some Friends.debug.xcconfig */,
				A2188F0273215344FB78EB9F /* Pods-Find Some Friends.release.xcconfig */,
			);
			name = Pods;
			sourceTree = "<group>";
		};
		E137448F4E53958742B2B3BB /* Frameworks */ = {
			isa = PBXGroup;
			children = (
				979DB6753B055A3CFC018D22 /* Pods_Find_Some_Friends.framework */,
			);
			name = Frameworks;
			sourceTree = "<group>";
		};
/* End PBXGroup section */

/* Begin PBXNativeTarget section */
		45CABC281DF38B6B000207D0 /* Find Some Friends */ = {
			isa = PBXNativeTarget;
			buildConfigurationList = 45CABC3B1DF38B6C000207D0 /* Build configuration list for PBXNativeTarget "Find Some Friends" */;
			buildPhases = (
				0D015677C0A77DC96CFCF585 /* [CP] Check Pods Manifest.lock */,
				45CABC251DF38B6B000207D0 /* Sources */,
				45CABC261DF38B6B000207D0 /* Frameworks */,
				45CABC271DF38B6B000207D0 /* Resources */,
				B4EB660AF3626E385B2C6563 /* [CP] Embed Pods Frameworks */,
				6617EFCED2125721CFA5595B /* [CP] Copy Pods Resources */,
			);
			buildRules = (
			);
			dependencies = (
			);
			name = "Find Some Friends";
			productName = "Find Some Friends";
			productReference = 45CABC291DF38B6C000207D0 /* Find Some Friends.app */;
			productType = "com.apple.product-type.application";
		};
/* End PBXNativeTarget section */

/* Begin PBXProject section */
		45CABC211DF38B6B000207D0 /* Project object */ = {
			isa = PBXProject;
			attributes = {
				LastSwiftUpdateCheck = 0800;
				LastUpgradeCheck = 0800;
				ORGANIZATIONNAME = "John Leonardo";
				TargetAttributes = {
					45CABC281DF38B6B000207D0 = {
						CreatedOnToolsVersion = 8.0;
						DevelopmentTeam = QKVT7MD2SK;
						ProvisioningStyle = Automatic;
					};
				};
			};
			buildConfigurationList = 45CABC241DF38B6B000207D0 /* Build configuration list for PBXProject "Find Some Friends" */;
			compatibilityVersion = "Xcode 3.2";
			developmentRegion = English;
			hasScannedForEncodings = 0;
			knownRegions = (
				en,
				Base,
			);
			mainGroup = 45CABC201DF38B6B000207D0;
			productRefGroup = 45CABC2A1DF38B6C000207D0 /* Products */;
			projectDirPath = "";
			projectRoot = "";
			targets = (
				45CABC281DF38B6B000207D0 /* Find Some Friends */,
			);
		};
/* End PBXProject section */

/* Begin PBXResourcesBuildPhase section */
		45CABC271DF38B6B000207D0 /* Resources */ = {
			isa = PBXResourcesBuildPhase;
			buildActionMask = 2147483647;
			files = (
				45CABC581DF39520000207D0 /* closed-lock.png in Resources */,
				45CABC5A1DF39CDC000207D0 /* GoogleService-Info.plist in Resources */,
				45CABC4A1DF38ED8000207D0 /* NotoSans-Regular.ttf in Resources */,
				45CABC371DF38B6C000207D0 /* LaunchScreen.storyboard in Resources */,
				45CABC561DF39516000207D0 /* mail.png in Resources */,
				45CABC341DF38B6C000207D0 /* Assets.xcassets in Resources */,
				45CABC541DF394DE000207D0 /* mail-black-envelope-symbol.png in Resources */,
				45CABC4B1DF38ED8000207D0 /* NotoSansUI-Bold.ttf in Resources */,
				45CABC521DF39477000207D0 /* padlock.png in Resources */,
				45CABC501DF392F7000207D0 /* FSFBanner.png in Resources */,
				45CABC4C1DF38ED8000207D0 /* NotoSansUI-Regular.ttf in Resources */,
				45CABC3F1DF38DB5000207D0 /* people.png in Resources */,
				45CABC491DF38ED8000207D0 /* NotoSans-Bold.ttf in Resources */,
				45CABC321DF38B6C000207D0 /* Main.storyboard in Resources */,
			);
			runOnlyForDeploymentPostprocessing = 0;
		};
/* End PBXResourcesBuildPhase section */

/* Begin PBXShellScriptBuildPhase section */
		0D015677C0A77DC96CFCF585 /* [CP] Check Pods Manifest.lock */ = {
			isa = PBXShellScriptBuildPhase;
			buildActionMask = 2147483647;
			files = (
			);
			inputPaths = (
			);
			name = "[CP] Check Pods Manifest.lock";
			outputPaths = (
			);
			runOnlyForDeploymentPostprocessing = 0;
			shellPath = /bin/sh;
			shellScript = "diff \"${PODS_ROOT}/../Podfile.lock\" \"${PODS_ROOT}/Manifest.lock\" > /dev/null\nif [ $? != 0 ] ; then\n    # print error to STDERR\n    echo \"error: The sandbox is not in sync with the Podfile.lock. Run 'pod install' or update your CocoaPods installation.\" >&2\n    exit 1\nfi\n";
			showEnvVarsInLog = 0;
		};
		6617EFCED2125721CFA5595B /* [CP] Copy Pods Resources */ = {
			isa = PBXShellScriptBuildPhase;
			buildActionMask = 2147483647;
			files = (
			);
			inputPaths = (
			);
			name = "[CP] Copy Pods Resources";
			outputPaths = (
			);
			runOnlyForDeploymentPostprocessing = 0;
			shellPath = /bin/sh;
			shellScript = "\"${SRCROOT}/Pods/Target Support Files/Pods-Find Some Friends/Pods-Find Some Friends-resources.sh\"\n";
			showEnvVarsInLog = 0;
		};
		B4EB660AF3626E385B2C6563 /* [CP] Embed Pods Frameworks */ = {
			isa = PBXShellScriptBuildPhase;
			buildActionMask = 2147483647;
			files = (
			);
			inputPaths = (
			);
			name = "[CP] Embed Pods Frameworks";
			outputPaths = (
			);
			runOnlyForDeploymentPostprocessing = 0;
			shellPath = /bin/sh;
			shellScript = "\"${SRCROOT}/Pods/Target Support Files/Pods-Find Some Friends/Pods-Find Some Friends-frameworks.sh\"\n";
			showEnvVarsInLog = 0;
		};
/* End PBXShellScriptBuildPhase section */

/* Begin PBXSourcesBuildPhase section */
		45CABC251DF38B6B000207D0 /* Sources */ = {
			isa = PBXSourcesBuildPhase;
			buildActionMask = 2147483647;
			files = (
				45CABC4E1DF390E4000207D0 /* MaterialView.swift in Sources */,
				45CABC5C1DF3AA47000207D0 /* MainVC.swift in Sources */,
				45CABC2F1DF38B6C000207D0 /* LoginVC.swift in Sources */,
				45CABC2D1DF38B6C000207D0 /* AppDelegate.swift in Sources */,
			);
			runOnlyForDeploymentPostprocessing = 0;
		};
/* End PBXSourcesBuildPhase section */

/* Begin PBXVariantGroup section */
		45CABC301DF38B6C000207D0 /* Main.storyboard */ = {
			isa = PBXVariantGroup;
			children = (
				45CABC311DF38B6C000207D0 /* Base */,
			);
			name = Main.storyboard;
			sourceTree = "<group>";
		};
		45CABC351DF38B6C000207D0 /* LaunchScreen.storyboard */ = {
			isa = PBXVariantGroup;
			children = (
				45CABC361DF38B6C000207D0 /* Base */,
			);
			name = LaunchScreen.storyboard;
			sourceTree = "<group>";
		};
/* End PBXVariantGroup section */

/* Begin XCBuildConfiguration section */
		45CABC391DF38B6C000207D0 /* Debug */ = {
			isa = XCBuildConfiguration;
			buildSettings = {
				ALWAYS_SEARCH_USER_PATHS = NO;
				CLANG_ANALYZER_NONNULL = YES;
				CLANG_CXX_LANGUAGE_STANDARD = "gnu++0x";
				CLANG_CXX_LIBRARY = "libc++";
				CLANG_ENABLE_MODULES = YES;
				CLANG_ENABLE_OBJC_ARC = YES;
				CLANG_WARN_BOOL_CONVERSION = YES;
				CLANG_WARN_CONSTANT_CONVERSION = YES;
				CLANG_WARN_DIRECT_OBJC_ISA_USAGE = YES_ERROR;
				CLANG_WARN_DOCUMENTATION_COMMENTS = YES;
				CLANG_WARN_EMPTY_BODY = YES;
				CLANG_WARN_ENUM_CONVERSION = YES;
				CLANG_WARN_INFINITE_RECURSION = YES;
				CLANG_WARN_INT_CONVERSION = YES;
				CLANG_WARN_OBJC_ROOT_CLASS = YES_ERROR;
				CLANG_WARN_SUSPICIOUS_MOVES = YES;
				CLANG_WARN_UNREACHABLE_CODE = YES;
				CLANG_WARN__DUPLICATE_METHOD_MATCH = YES;
				"CODE_SIGN_IDENTITY[sdk=iphoneos*]" = "iPhone Developer";
				COPY_PHASE_STRIP = NO;
				DEBUG_INFORMATION_FORMAT = dwarf;
				ENABLE_STRICT_OBJC_MSGSEND = YES;
				ENABLE_TESTABILITY = YES;
				GCC_C_LANGUAGE_STANDARD = gnu99;
				GCC_DYNAMIC_NO_PIC = NO;
				GCC_NO_COMMON_BLOCKS = YES;
				GCC_OPTIMIZATION_LEVEL = 0;
				GCC_PREPROCESSOR_DEFINITIONS = (
					"DEBUG=1",
					"$(inherited)",
				);
				GCC_WARN_64_TO_32_BIT_CONVERSION = YES;
				GCC_WARN_ABOUT_RETURN_TYPE = YES_ERROR;
				GCC_WARN_UNDECLARED_SELECTOR = YES;
				GCC_WARN_UNINITIALIZED_AUTOS = YES_AGGRESSIVE;
				GCC_WARN_UNUSED_FUNCTION = YES;
				GCC_WARN_UNUSED_VARIABLE = YES;
				IPHONEOS_DEPLOYMENT_TARGET = 10.0;
				MTL_ENABLE_DEBUG_INFO = YES;
				ONLY_ACTIVE_ARCH = YES;
				SDKROOT = iphoneos;
				SWIFT_ACTIVE_COMPILATION_CONDITIONS = DEBUG;
				SWIFT_OPTIMIZATION_LEVEL = "-Onone";
				TARGETED_DEVICE_FAMILY = "1,2";
			};
			name = Debug;
		};
		45CABC3A1DF38B6C000207D0 /* Release */ = {
			isa = XCBuildConfiguration;
			buildSettings = {
				ALWAYS_SEARCH_USER_PATHS = NO;
				CLANG_ANALYZER_NONNULL = YES;
				CLANG_CXX_LANGUAGE_STANDARD = "gnu++0x";
				CLANG_CXX_LIBRARY = "libc++";
				CLANG_ENABLE_MODULES = YES;
				CLANG_ENABLE_OBJC_ARC = YES;
				CLANG_WARN_BOOL_CONVERSION = YES;
				CLANG_WARN_CONSTANT_CONVERSION = YES;
				CLANG_WARN_DIRECT_OBJC_ISA_USAGE = YES_ERROR;
				CLANG_WARN_DOCUMENTATION_COMMENTS = YES;
				CLANG_WARN_EMPTY_BODY = YES;
				CLANG_WARN_ENUM_CONVERSION = YES;
				CLANG_WARN_INFINITE_RECURSION = YES;
				CLANG_WARN_INT_CONVERSION = YES;
				CLANG_WARN_OBJC_ROOT_CLASS = YES_ERROR;
				CLANG_WARN_SUSPICIOUS_MOVES = YES;
				CLANG_WARN_UNREACHABLE_CODE = YES;
				CLANG_WARN__DUPLICATE_METHOD_MATCH = YES;
				"CODE_SIGN_IDENTITY[sdk=iphoneos*]" = "iPhone Developer";
				COPY_PHASE_STRIP = NO;
				DEBUG_INFORMATION_FORMAT = "dwarf-with-dsym";
				ENABLE_NS_ASSERTIONS = NO;
				ENABLE_STRICT_OBJC_MSGSEND = YES;
				GCC_C_LANGUAGE_STANDARD = gnu99;
				GCC_NO_COMMON_BLOCKS = YES;
				GCC_WARN_64_TO_32_BIT_CONVERSION = YES;
				GCC_WARN_ABOUT_RETURN_TYPE = YES_ERROR;
				GCC_WARN_UNDECLARED_SELECTOR = YES;
				GCC_WARN_UNINITIALIZED_AUTOS = YES_AGGRESSIVE;
				GCC_WARN_UNUSED_FUNCTION = YES;
				GCC_WARN_UNUSED_VARIABLE = YES;
				IPHONEOS_DEPLOYMENT_TARGET = 10.0;
				MTL_ENABLE_DEBUG_INFO = NO;
				SDKROOT = iphoneos;
				SWIFT_OPTIMIZATION_LEVEL = "-Owholemodule";
				TARGETED_DEVICE_FAMILY = "1,2";
				VALIDATE_PRODUCT = YES;
			};
			name = Release;
		};
		45CABC3C1DF38B6C000207D0 /* Debug */ = {
			isa = XCBuildConfiguration;
			baseConfigurationReference = C91877CC7E61B42C99171CC8 /* Pods-Find Some Friends.debug.xcconfig */;
			buildSettings = {
				ASSETCATALOG_COMPILER_APPICON_NAME = AppIcon;
				DEVELOPMENT_TEAM = QKVT7MD2SK;
				INFOPLIST_FILE = "Find Some Friends/Info.plist";
				LD_RUNPATH_SEARCH_PATHS = "$(inherited) @executable_path/Frameworks";
				PRODUCT_BUNDLE_IDENTIFIER = "com.John-Leonardo.Find-Some-Friends";
				PRODUCT_NAME = "$(TARGET_NAME)";
				SWIFT_VERSION = 3.0;
			};
			name = Debug;
		};
		45CABC3D1DF38B6C000207D0 /* Release */ = {
			isa = XCBuildConfiguration;
			baseConfigurationReference = A2188F0273215344FB78EB9F /* Pods-Find Some Friends.release.xcconfig */;
			buildSettings = {
				ASSETCATALOG_COMPILER_APPICON_NAME = AppIcon;
				DEVELOPMENT_TEAM = QKVT7MD2SK;
				INFOPLIST_FILE = "Find Some Friends/Info.plist";
				LD_RUNPATH_SEARCH_PATHS = "$(inherited) @executable_path/Frameworks";
				PRODUCT_BUNDLE_IDENTIFIER = "com.John-Leonardo.Find-Some-Friends";
				PRODUCT_NAME = "$(TARGET_NAME)";
				SWIFT_VERSION = 3.0;
			};
			name = Release;
		};
/* End XCBuildConfiguration section */

/* Begin XCConfigurationList section */
		45CABC241DF38B6B000207D0 /* Build configuration list for PBXProject "Find Some Friends" */ = {
			isa = XCConfigurationList;
			buildConfigurations = (
				45CABC391DF38B6C000207D0 /* Debug */,
				45CABC3A1DF38B6C000207D0 /* Release */,
			);
			defaultConfigurationIsVisible = 0;
			defaultConfigurationName = Release;
		};
		45CABC3B1DF38B6C000207D0 /* Build configuration list for PBXNativeTarget "Find Some Friends" */ = {
			isa = XCConfigurationList;
			buildConfigurations = (
				45CABC3C1DF38B6C000207D0 /* Debug */,
				45CABC3D1DF38B6C000207D0 /* Release */,
			);
			defaultConfigurationIsVisible = 0;
			defaultConfigurationName = Release;
		};
/* End XCConfigurationList section */
	};
	rootObject = 45CABC211DF38B6B000207D0 /* Project object */;
}
